
Microsoft Visual Studio Solution File, Format Version 12.00
# Visual Studio Version 16
VisualStudioVersion = 16.0.29911.84
MinimumVisualStudioVersion = 10.0.40219.1
Project("{9A19103F-16F7-4668-BE54-9A1E7A4F7556}") = "Web", "Web\Web.csproj", "{DD068BAF-7880-4759-A90A-EBB775B0F5AB}"
EndProject
Project("{9A19103F-16F7-4668-BE54-9A1E7A4F7556}") = "UnitTests", "UnitTests\UnitTests.csproj", "{AA29937D-1B49-4A5F-BD14-C6B3667DBD49}"
EndProject
Global
	GlobalSection(SolutionConfigurationPlatforms) = preSolution
		Debug|Any CPU = Debug|Any CPU
		Release|Any CPU = Release|Any CPU
	EndGlobalSection
	GlobalSection(ProjectConfigurationPlatforms) = postSolution
		{DD068BAF-7880-4759-A90A-EBB775B0F5AB}.Debug|Any CPU.ActiveCfg = Debug|Any CPU
		{DD068BAF-7880-4759-A90A-EBB775B0F5AB}.Debug|Any CPU.Build.0 = Debug|Any CPU
		{DD068BAF-7880-4759-A90A-EBB775B0F5AB}.Release|Any CPU.ActiveCfg = Release|Any CPU
		{DD068BAF-7880-4759-A90A-EBB775B0F5AB}.Release|Any CPU.Build.0 = Release|Any CPU
		{AA29937D-1B49-4A5F-BD14-C6B3667DBD49}.Debug|Any CPU.ActiveCfg = Debug|Any CPU
		{AA29937D-1B49-4A5F-BD14-C6B3667DBD49}.Debug|Any CPU.Build.0 = Debug|Any CPU
		{AA29937D-1B49-4A5F-BD14-C6B3667DBD49}.Release|Any CPU.ActiveCfg = Release|Any CPU
		{AA29937D-1B49-4A5F-BD14-C6B3667DBD49}.Release|Any CPU.Build.0 = Release|Any CPU
	EndGlobalSection
	GlobalSection(SolutionProperties) = preSolution
		HideSolutionNode = FALSE
	EndGlobalSection
	GlobalSection(ExtensibilityGlobals) = postSolution
		SolutionGuid = {C763BE0F-4BCD-44BA-B05F-DF504FAC8198}
	EndGlobalSection
EndGlobal
